
Microsoft Visual Studio Solution File, Format Version 12.00
# Visual Studio Version 17
VisualStudioVersion = 17.5.33414.496
MinimumVisualStudioVersion = 10.0.40219.1
Project("{9A19103F-16F7-4668-BE54-9A1E7A4F7556}") = "RedirectBot", "RedirectBot\RedirectBot.csproj", "{AF28F57E-5382-4344-B20B-A7EBA1CAE40B}"
EndProject
Global
	GlobalSection(SolutionConfigurationPlatforms) = preSolution
		Debug|Any CPU = Debug|Any CPU
		Release|Any CPU = Release|Any CPU
	EndGlobalSection
	GlobalSection(ProjectConfigurationPlatforms) = postSolution
		{AF28F57E-5382-4344-B20B-A7EBA1CAE40B}.Debug|Any CPU.ActiveCfg = Debug|Any CPU
		{AF28F57E-5382-4344-B20B-A7EBA1CAE40B}.Debug|Any CPU.Build.0 = Debug|Any CPU
		{AF28F57E-5382-4344-B20B-A7EBA1CAE40B}.Release|Any CPU.ActiveCfg = Release|Any CPU
		{AF28F57E-5382-4344-B20B-A7EBA1CAE40B}.Release|Any CPU.Build.0 = Release|Any CPU
	EndGlobalSection
	GlobalSection(SolutionProperties) = preSolution
		HideSolutionNode = FALSE
	EndGlobalSection
	GlobalSection(ExtensibilityGlobals) = postSolution
		SolutionGuid = {EADACE73-A0A5-481E-94F3-53488742AD0F}
	EndGlobalSection
EndGlobal
